PODS:
  - flutter_blue_plus (0.0.1):
    - FlutterMacOS
  - flutter_libserialport (0.0.1):
    - FlutterMacOS
    - libserialport
  - flutter_thermal_printer (0.0.1):
    - FlutterMacOS
    - ORSSerialPort
    - USBDeviceSwift (~> 1.0.3)
  - FlutterMacOS (1.0.0)
  - libserialport (0.1.1)
  - ORSSerialPort (2.1)
  - path_provider_foundation (0.0.1):
    - Flutter
    - FlutterMacOS
  - USBDeviceSwift (1.0.3)

DEPENDENCIES:
  - flutter_blue_plus (from `Flutter/ephemeral/.symlinks/plugins/flutter_blue_plus/macos`)
  - flutter_libserialport (from `Flutter/ephemeral/.symlinks/plugins/flutter_libserialport/macos`)
  - flutter_thermal_printer (from `Flutter/ephemeral/.symlinks/plugins/flutter_thermal_printer/macos`)
  - FlutterMacOS (from `Flutter/ephemeral`)
  - path_provider_foundation (from `Flutter/ephemeral/.symlinks/plugins/path_provider_foundation/darwin`)

SPEC REPOS:
  trunk:
    - libserialport
    - ORSSerialPort
    - USBDeviceSwift

EXTERNAL SOURCES:
  flutter_blue_plus:
    :path: Flutter/ephemeral/.symlinks/plugins/flutter_blue_plus/macos
  flutter_libserialport:
    :path: Flutter/ephemeral/.symlinks/plugins/flutter_libserialport/macos
  flutter_thermal_printer:
    :path: Flutter/ephemeral/.symlinks/plugins/flutter_thermal_printer/macos
  FlutterMacOS:
    :path: Flutter/ephemeral
  path_provider_foundation:
    :path: Flutter/ephemeral/.symlinks/plugins/path_provider_foundation/darwin

SPEC CHECKSUMS:
  flutter_blue_plus: e2868679021f19d12a8c0c58a33f1df66ec7fa6a
  flutter_libserialport: d1a505fd4b05785f7b50cc7c93b361937ea1c5bd
  flutter_thermal_printer: a36d1060fd2b4f35bd793e6cfa6e0e9d6d8c82a0
  FlutterMacOS: 8f6f14fa908a6fb3fba0cd85dbd81ec4b251fb24
  libserialport: 1cb25e66ef3c92a8e59c2ea3820302c3fa2268cd
  ORSSerialPort: d2d5d131797453430c557ba8dc7dcbcae20ff2e5
  path_provider_foundation: 3784922295ac71e43754bd15e0653ccfd36a147c
  USBDeviceSwift: b9e85b70d8a78a2f4196881d7b673b7a8b9d117a

PODFILE CHECKSUM: ebbac5529cc316622dbd5af479f7b39cdd10c82d

COCOAPODS: 1.14.2
